PODS:
  - Charts (4.1.0):
    - Charts/Core (= 4.1.0)
  - Charts/Core (4.1.0):
    - SwiftAlgorithms (~> 1.0)
  - CocoaMQTT (2.1.6):
    - CocoaMQTT/Core (= 2.1.6)
  - CocoaMQTT/Core (2.1.6):
    - MqttCocoaAsyncSocket (~> 1.0.8)
  - MQTTClient (0.15.3):
    - MQTTClient/Core (= 0.15.3)
  - MQTTClient/Core (0.15.3):
    - MQTTClient/Manager
    - MQTTClient/Min
  - MQTTClient/Manager (0.15.3):
    - MQTTClient/Min
  - MQTTClient/Min (0.15.3)
  - MqttCocoaAsyncSocket (1.0.8)
  - SwiftAlgorithms (1.0.0)

DEPENDENCIES:
  - Charts
  - CocoaMQTT
  - MQTTClient

SPEC REPOS:
  trunk:
    - Charts
    - CocoaMQTT
    - MQTTClient
    - MqttCocoaAsyncSocket
    - SwiftAlgorithms

SPEC CHECKSUMS:
  Charts: ce0768268078eee0336f122c3c4ca248e4e204c5
  CocoaMQTT: 1f206228b29318eabdacad0c2e4e88575922c27a
  MQTTClient: 0dfa04e789479c2e461786464969895c1fcb0875
  MqttCocoaAsyncSocket: 77d3b74f76228dd5a05d1f9526eab101d415b30c
  SwiftAlgorithms: 38dda4731d19027fdeee1125f973111bf3386b53

PODFILE CHECKSUM: 8685faefb93042430a255b6e18ba9f4f0fdccd52

COCOAPODS: 1.15.2
