// !$*UTF8*$!
{
	archiveVersion = 1;
	classes = {
	};
	objectVersion = 54;
	objects = {

/* Begin PBXBuildFile section */
		0F003CD42BBE6964008B4C93 /* MapKit.framework in Frameworks */ = {isa = PBXBuildFile; fileRef = 0F003CD32BBE6963008B4C93 /* MapKit.framework */; };
		0F003CD62BBE6998008B4C93 /* Marcador.swift in Sources */ = {isa = PBXBuildFile; fileRef = 0F003CD52BBE6998008B4C93 /* Marcador.swift */; };
		0F0DE79F2BBD2098006AA1C2 /* border.png in Resources */ = {isa = PBXBuildFile; fileRef = 0F0DE79D2BBD2097006AA1C2 /* border.png */; };
		0F0DE7A02BBD2098006AA1C2 /* checkcheck.png in Resources */ = {isa = PBXBuildFile; fileRef = 0F0DE79E2BBD2098006AA1C2 /* checkcheck.png */; };
		0F0F6B232BB7747F00B841FD /* EditUserViewController.swift in Sources */ = {isa = PBXBuildFile; fileRef = 0F0F6B222BB7747F00B841FD /* EditUserViewController.swift */; };
		0F150DC52BB5F37C000B569E /* tokens.swift in Sources */ = {isa = PBXBuildFile; fileRef = 0F150DC42BB5F37C000B569E /* tokens.swift */; };
		0F28255B2BAE9C26006273C2 /* SspViewController.swift in Sources */ = {isa = PBXBuildFile; fileRef = 0F28255A2BAE9C26006273C2 /* SspViewController.swift */; };
		0F3C9E5F2BB8C3E70004BB6A /* ScrolDiviceViewController.swift in Sources */ = {isa = PBXBuildFile; fileRef = 0F3C9E5E2BB8C3E70004BB6A /* ScrolDiviceViewController.swift */; };
		0F3CF56E2BBCAB8100A2136E /* ForgotPasswordViewController.swift in Sources */ = {isa = PBXBuildFile; fileRef = 0F3CF56D2BBCAB8100A2136E /* ForgotPasswordViewController.swift */; };
		0F44F2D22B923D7E00AB80E6 /* AppDelegate.swift in Sources */ = {isa = PBXBuildFile; fileRef = 0F44F2D12B923D7E00AB80E6 /* AppDelegate.swift */; };
		0F44F2D42B923D7E00AB80E6 /* SceneDelegate.swift in Sources */ = {isa = PBXBuildFile; fileRef = 0F44F2D32B923D7E00AB80E6 /* SceneDelegate.swift */; };
		0F44F2D62B923D7E00AB80E6 /* ViewController.swift in Sources */ = {isa = PBXBuildFile; fileRef = 0F44F2D52B923D7E00AB80E6 /* ViewController.swift */; };
		0F44F2D92B923D7E00AB80E6 /* Main.storyboard in Resources */ = {isa = PBXBuildFile; fileRef = 0F44F2D72B923D7E00AB80E6 /* Main.storyboard */; };
		0F44F2DB2B923D8000AB80E6 /* Assets.xcassets in Resources */ = {isa = PBXBuildFile; fileRef = 0F44F2DA2B923D8000AB80E6 /* Assets.xcassets */; };
		0F44F2DE2B923D8000AB80E6 /* LaunchScreen.storyboard in Resources */ = {isa = PBXBuildFile; fileRef = 0F44F2DC2B923D8000AB80E6 /* LaunchScreen.storyboard */; };
		0F44F2E62B923DC600AB80E6 /* RegisterViewController.swift in Sources */ = {isa = PBXBuildFile; fileRef = 0F44F2E52B923DC600AB80E6 /* RegisterViewController.swift */; };
		0F44F2FB2B923EBA00AB80E6 /* icons8-arriba-50.png in Resources */ = {isa = PBXBuildFile; fileRef = 0F44F2E82B923EBA00AB80E6 /* icons8-arriba-50.png */; };
		0F44F2FC2B923EBA00AB80E6 /* icons8-luz-30.png in Resources */ = {isa = PBXBuildFile; fileRef = 0F44F2E92B923EBA00AB80E6 /* icons8-luz-30.png */; };
		0F44F2FD2B923EBA00AB80E6 /* icons8-carro-64.png in Resources */ = {isa = PBXBuildFile; fileRef = 0F44F2EA2B923EBA00AB80E6 /* icons8-carro-64.png */; };
		0F44F2FE2B923EBA00AB80E6 /* icons8-ojo-50.png in Resources */ = {isa = PBXBuildFile; fileRef = 0F44F2EB2B923EBA00AB80E6 /* icons8-ojo-50.png */; };
		0F44F2FF2B923EBA00AB80E6 /* icons8-dentro-de-una-30.png in Resources */ = {isa = PBXBuildFile; fileRef = 0F44F2EC2B923EBA00AB80E6 /* icons8-dentro-de-una-30.png */; };
		0F44F3002B923EBA00AB80E6 /* icons8-luz-50.png in Resources */ = {isa = PBXBuildFile; fileRef = 0F44F2ED2B923EBA00AB80E6 /* icons8-luz-50.png */; };
		0F44F3012B923EBA00AB80E6 /* icons8-híbrido-50.png in Resources */ = {isa = PBXBuildFile; fileRef = 0F44F2EE2B923EBA00AB80E6 /* icons8-híbrido-50.png */; };
		0F44F3022B923EBA00AB80E6 /* icons8-contraseña-50.png in Resources */ = {isa = PBXBuildFile; fileRef = 0F44F2EF2B923EBA00AB80E6 /* icons8-contraseña-50.png */; };
		0F44F3032B923EBA00AB80E6 /* icons8-usuario-50.png in Resources */ = {isa = PBXBuildFile; fileRef = 0F44F2F02B923EBA00AB80E6 /* icons8-usuario-50.png */; };
		0F44F3042B923EBA00AB80E6 /* icons8-correo-50.png in Resources */ = {isa = PBXBuildFile; fileRef = 0F44F2F12B923EBA00AB80E6 /* icons8-correo-50.png */; };
		0F44F3052B923EBA00AB80E6 /* icons8-izquierda-50.png in Resources */ = {isa = PBXBuildFile; fileRef = 0F44F2F22B923EBA00AB80E6 /* icons8-izquierda-50.png */; };
		0F44F3062B923EBA00AB80E6 /* icons8-temperatura-50.png in Resources */ = {isa = PBXBuildFile; fileRef = 0F44F2F32B923EBA00AB80E6 /* icons8-temperatura-50.png */; };
		0F44F3072B923EBA00AB80E6 /* icons8-camara-educacion-50.png in Resources */ = {isa = PBXBuildFile; fileRef = 0F44F2F42B923EBA00AB80E6 /* icons8-camara-educacion-50.png */; };
		0F44F3082B923EBA00AB80E6 /* icons8-básculas-de-cocina-24.png in Resources */ = {isa = PBXBuildFile; fileRef = 0F44F2F52B923EBA00AB80E6 /* icons8-básculas-de-cocina-24.png */; };
		0F44F3092B923EBA00AB80E6 /* icons8-abajo-50.png in Resources */ = {isa = PBXBuildFile; fileRef = 0F44F2F62B923EBA00AB80E6 /* icons8-abajo-50.png */; };
		0F44F30A2B923EBA00AB80E6 /* icons8-velocímetro-50.png in Resources */ = {isa = PBXBuildFile; fileRef = 0F44F2F72B923EBA00AB80E6 /* icons8-velocímetro-50.png */; };
		0F44F30B2B923EBA00AB80E6 /* icons8-derecha-50.png in Resources */ = {isa = PBXBuildFile; fileRef = 0F44F2F82B923EBA00AB80E6 /* icons8-derecha-50.png */; };
		0F44F30C2B923EBA00AB80E6 /* icons8-me-gusta-50.png in Resources */ = {isa = PBXBuildFile; fileRef = 0F44F2F92B923EBA00AB80E6 /* icons8-me-gusta-50.png */; };
		0F44F30D2B923EBA00AB80E6 /* icons8-punto-de-recogida-48.png in Resources */ = {isa = PBXBuildFile; fileRef = 0F44F2FA2B923EBA00AB80E6 /* icons8-punto-de-recogida-48.png */; };
		0F5F1FA52BB3DF930009F8F9 /* User.swift in Sources */ = {isa = PBXBuildFile; fileRef = 0F5F1FA42BB3DF930009F8F9 /* User.swift */; };
		0F5F1FA72BB3E04C0009F8F9 /* UserData.swift in Sources */ = {isa = PBXBuildFile; fileRef = 0F5F1FA62BB3E04C0009F8F9 /* UserData.swift */; };
		0F7391E92BBB4A44006D0FA5 /* ChancePasswordUserViewController.swift in Sources */ = {isa = PBXBuildFile; fileRef = 0F7391E82BBB4A44006D0FA5 /* ChancePasswordUserViewController.swift */; };
		0F7763BF2BB7DB8C00DD6CA3 /* LinkDiviceViewController.swift in Sources */ = {isa = PBXBuildFile; fileRef = 0F7763BE2BB7DB8C00DD6CA3 /* LinkDiviceViewController.swift */; };
		0F77FB842BBA14B40006F2E7 /* UserNotificationsUI.framework in Frameworks */ = {isa = PBXBuildFile; fileRef = 0F77FB822BBA14B40006F2E7 /* UserNotificationsUI.framework */; };
		0F77FB852BBA14B40006F2E7 /* UserNotifications.framework in Frameworks */ = {isa = PBXBuildFile; fileRef = 0F77FB832BBA14B40006F2E7 /* UserNotifications.framework */; };
		0F77FB872BBA14BC0006F2E7 /* WebKit.framework in Frameworks */ = {isa = PBXBuildFile; fileRef = 0F77FB862BBA14BC0006F2E7 /* WebKit.framework */; };
		0F77FB8B2BBA14C70006F2E7 /* AVFAudio.framework in Frameworks */ = {isa = PBXBuildFile; fileRef = 0F77FB882BBA14C70006F2E7 /* AVFAudio.framework */; };
		0F77FB8C2BBA14C70006F2E7 /* AVFoundation.framework in Frameworks */ = {isa = PBXBuildFile; fileRef = 0F77FB892BBA14C70006F2E7 /* AVFoundation.framework */; };
		0F77FB8D2BBA14C70006F2E7 /* AVKit.framework in Frameworks */ = {isa = PBXBuildFile; fileRef = 0F77FB8A2BBA14C70006F2E7 /* AVKit.framework */; };
		0F97CE602BAFC0100081D4CE /* nstruccionesViewController.swift in Sources */ = {isa = PBXBuildFile; fileRef = 0F97CE5F2BAFC0100081D4CE /* nstruccionesViewController.swift */; };
		0FA025192BBA2E17002C3B58 /* Divice.swift in Sources */ = {isa = PBXBuildFile; fileRef = 0FA025182BBA2E17002C3B58 /* Divice.swift */; };
		0FDAD83A2BB2427E00EE8A0F /* carrito-removebg-preview.png in Resources */ = {isa = PBXBuildFile; fileRef = 0FDAD8342BB2427D00EE8A0F /* carrito-removebg-preview.png */; };
		0FDAD83B2BB2427E00EE8A0F /* fondoazul.jpeg in Resources */ = {isa = PBXBuildFile; fileRef = 0FDAD8352BB2427D00EE8A0F /* fondoazul.jpeg */; };
		0FDAD83C2BB2427E00EE8A0F /* carrito.jpeg in Resources */ = {isa = PBXBuildFile; fileRef = 0FDAD8362BB2427D00EE8A0F /* carrito.jpeg */; };
		0FDAD83D2BB2427E00EE8A0F /* logooooouu.png in Resources */ = {isa = PBXBuildFile; fileRef = 0FDAD8372BB2427D00EE8A0F /* logooooouu.png */; };
		0FDAD83E2BB2427E00EE8A0F /* WhatsApp Image 2024-02-29 at 16.57.31 (1).jpeg in Resources */ = {isa = PBXBuildFile; fileRef = 0FDAD8382BB2427D00EE8A0F /* WhatsApp Image 2024-02-29 at 16.57.31 (1).jpeg */; };
		0FDAD83F2BB2427E00EE8A0F /* carritouuu.png in Resources */ = {isa = PBXBuildFile; fileRef = 0FDAD8392BB2427E00EE8A0F /* carritouuu.png */; };
		0FEBF2322BB27AD3001BC41C /* UserViewController.swift in Sources */ = {isa = PBXBuildFile; fileRef = 0FEBF2312BB27AD3001BC41C /* UserViewController.swift */; };
		0FF74EBC2BBE7BA9005A2D89 /* VideoViewController.swift in Sources */ = {isa = PBXBuildFile; fileRef = 0FF74EBB2BBE7BA9005A2D89 /* VideoViewController.swift */; };
		880F7C8A2BBCA36E00E143A9 /* Gauge.swift in Sources */ = {isa = PBXBuildFile; fileRef = 880F7C892BBCA36E00E143A9 /* Gauge.swift */; };
		885A5ADD2BBF3ADA00103940 /* flecha.png in Resources */ = {isa = PBXBuildFile; fileRef = 885A5ADC2BBF3ADA00103940 /* flecha.png */; };
		885A5ADF2BBF3DB800103940 /* lineablanca.png in Resources */ = {isa = PBXBuildFile; fileRef = 885A5ADE2BBF3DB800103940 /* lineablanca.png */; };
		8874B24E2BB483E300265AD3 /* CameraViewController.swift in Sources */ = {isa = PBXBuildFile; fileRef = 8874B24D2BB483E300265AD3 /* CameraViewController.swift */; };
		8874B2542BB4948000265AD3 /* MenuViewController.swift in Sources */ = {isa = PBXBuildFile; fileRef = 8874B2532BB4948000265AD3 /* MenuViewController.swift */; };
		8874B2562BB4B7F700265AD3 /* GraficaViewController.swift in Sources */ = {isa = PBXBuildFile; fileRef = 8874B2552BB4B7F700265AD3 /* GraficaViewController.swift */; };
		C78F27094FA1941AEC3DCD36 /* Pods_MyLittleAssistant.framework in Frameworks */ = {isa = PBXBuildFile; fileRef = B0447BA9C616E118BB769583 /* Pods_MyLittleAssistant.framework */; };
/* End PBXBuildFile section */

/* Begin PBXFileReference section */
		0F003CD32BBE6963008B4C93 /* MapKit.framework */ = {isa = PBXFileReference; lastKnownFileType = wrapper.framework; name = MapKit.framework; path = System/Library/Frameworks/MapKit.framework; sourceTree = SDKROOT; };
		0F003CD52BBE6998008B4C93 /* Marcador.swift */ = {isa = PBXFileReference; lastKnownFileType = sourcecode.swift; path = Marcador.swift; sourceTree = "<group>"; };
		0F0DE79D2BBD2097006AA1C2 /* border.png */ = {isa = PBXFileReference; lastKnownFileType = image.png; path = border.png; sourceTree = "<group>"; };
		0F0DE79E2BBD2098006AA1C2 /* checkcheck.png */ = {isa = PBXFileReference; lastKnownFileType = image.png; path = checkcheck.png; sourceTree = "<group>"; };
		0F0F6B222BB7747F00B841FD /* EditUserViewController.swift */ = {isa = PBXFileReference; lastKnownFileType = sourcecode.swift; path = EditUserViewController.swift; sourceTree = "<group>"; };
		0F150DC42BB5F37C000B569E /* tokens.swift */ = {isa = PBXFileReference; lastKnownFileType = sourcecode.swift; path = tokens.swift; sourceTree = "<group>"; };
		0F28255A2BAE9C26006273C2 /* SspViewController.swift */ = {isa = PBXFileReference; lastKnownFileType = sourcecode.swift; path = SspViewController.swift; sourceTree = "<group>"; };
		0F3C9E5E2BB8C3E70004BB6A /* ScrolDiviceViewController.swift */ = {isa = PBXFileReference; lastKnownFileType = sourcecode.swift; path = ScrolDiviceViewController.swift; sourceTree = "<group>"; };
		0F3CF56D2BBCAB8100A2136E /* ForgotPasswordViewController.swift */ = {isa = PBXFileReference; lastKnownFileType = sourcecode.swift; path = ForgotPasswordViewController.swift; sourceTree = "<group>"; };
		0F44F2CE2B923D7E00AB80E6 /* MyLittleAssistant.app */ = {isa = PBXFileReference; explicitFileType = wrapper.application; includeInIndex = 0; path = MyLittleAssistant.app; sourceTree = BUILT_PRODUCTS_DIR; };
		0F44F2D12B923D7E00AB80E6 /* AppDelegate.swift */ = {isa = PBXFileReference; lastKnownFileType = sourcecode.swift; path = AppDelegate.swift; sourceTree = "<group>"; };
		0F44F2D32B923D7E00AB80E6 /* SceneDelegate.swift */ = {isa = PBXFileReference; lastKnownFileType = sourcecode.swift; path = SceneDelegate.swift; sourceTree = "<group>"; };
		0F44F2D52B923D7E00AB80E6 /* ViewController.swift */ = {isa = PBXFileReference; lastKnownFileType = sourcecode.swift; path = ViewController.swift; sourceTree = "<group>"; };
		0F44F2D82B923D7E00AB80E6 /* Base */ = {isa = PBXFileReference; lastKnownFileType = file.storyboard; name = Base; path = Base.lproj/Main.storyboard; sourceTree = "<group>"; };
		0F44F2DA2B923D8000AB80E6 /* Assets.xcassets */ = {isa = PBXFileReference; lastKnownFileType = folder.assetcatalog; path = Assets.xcassets; sourceTree = "<group>"; };
		0F44F2DD2B923D8000AB80E6 /* Base */ = {isa = PBXFileReference; lastKnownFileType = file.storyboard; name = Base; path = Base.lproj/LaunchScreen.storyboard; sourceTree = "<group>"; };
		0F44F2DF2B923D8000AB80E6 /* Info.plist */ = {isa = PBXFileReference; lastKnownFileType = text.plist.xml; path = Info.plist; sourceTree = "<group>"; };
		0F44F2E52B923DC600AB80E6 /* RegisterViewController.swift */ = {isa = PBXFileReference; lastKnownFileType = sourcecode.swift; path = RegisterViewController.swift; sourceTree = "<group>"; };
		0F44F2E82B923EBA00AB80E6 /* icons8-arriba-50.png */ = {isa = PBXFileReference; lastKnownFileType = image.png; path = "icons8-arriba-50.png"; sourceTree = "<group>"; };
		0F44F2E92B923EBA00AB80E6 /* icons8-luz-30.png */ = {isa = PBXFileReference; lastKnownFileType = image.png; path = "icons8-luz-30.png"; sourceTree = "<group>"; };
		0F44F2EA2B923EBA00AB80E6 /* icons8-carro-64.png */ = {isa = PBXFileReference; lastKnownFileType = image.png; path = "icons8-carro-64.png"; sourceTree = "<group>"; };
		0F44F2EB2B923EBA00AB80E6 /* icons8-ojo-50.png */ = {isa = PBXFileReference; lastKnownFileType = image.png; path = "icons8-ojo-50.png"; sourceTree = "<group>"; };
		0F44F2EC2B923EBA00AB80E6 /* icons8-dentro-de-una-30.png */ = {isa = PBXFileReference; lastKnownFileType = image.png; path = "icons8-dentro-de-una-30.png"; sourceTree = "<group>"; };
		0F44F2ED2B923EBA00AB80E6 /* icons8-luz-50.png */ = {isa = PBXFileReference; lastKnownFileType = image.png; path = "icons8-luz-50.png"; sourceTree = "<group>"; };
		0F44F2EE2B923EBA00AB80E6 /* icons8-híbrido-50.png */ = {isa = PBXFileReference; lastKnownFileType = image.png; path = "icons8-híbrido-50.png"; sourceTree = "<group>"; };
		0F44F2EF2B923EBA00AB80E6 /* icons8-contraseña-50.png */ = {isa = PBXFileReference; lastKnownFileType = image.png; path = "icons8-contraseña-50.png"; sourceTree = "<group>"; };
		0F44F2F02B923EBA00AB80E6 /* icons8-usuario-50.png */ = {isa = PBXFileReference; lastKnownFileType = image.png; path = "icons8-usuario-50.png"; sourceTree = "<group>"; };
		0F44F2F12B923EBA00AB80E6 /* icons8-correo-50.png */ = {isa = PBXFileReference; lastKnownFileType = image.png; path = "icons8-correo-50.png"; sourceTree = "<group>"; };
		0F44F2F22B923EBA00AB80E6 /* icons8-izquierda-50.png */ = {isa = PBXFileReference; lastKnownFileType = image.png; path = "icons8-izquierda-50.png"; sourceTree = "<group>"; };
		0F44F2F32B923EBA00AB80E6 /* icons8-temperatura-50.png */ = {isa = PBXFileReference; lastKnownFileType = image.png; path = "icons8-temperatura-50.png"; sourceTree = "<group>"; };
		0F44F2F42B923EBA00AB80E6 /* icons8-camara-educacion-50.png */ = {isa = PBXFileReference; lastKnownFileType = image.png; path = "icons8-camara-educacion-50.png"; sourceTree = "<group>"; };
		0F44F2F52B923EBA00AB80E6 /* icons8-básculas-de-cocina-24.png */ = {isa = PBXFileReference; lastKnownFileType = image.png; path = "icons8-básculas-de-cocina-24.png"; sourceTree = "<group>"; };
		0F44F2F62B923EBA00AB80E6 /* icons8-abajo-50.png */ = {isa = PBXFileReference; lastKnownFileType = image.png; path = "icons8-abajo-50.png"; sourceTree = "<group>"; };
		0F44F2F72B923EBA00AB80E6 /* icons8-velocímetro-50.png */ = {isa = PBXFileReference; lastKnownFileType = image.png; path = "icons8-velocímetro-50.png"; sourceTree = "<group>"; };
		0F44F2F82B923EBA00AB80E6 /* icons8-derecha-50.png */ = {isa = PBXFileReference; lastKnownFileType = image.png; path = "icons8-derecha-50.png"; sourceTree = "<group>"; };
		0F44F2F92B923EBA00AB80E6 /* icons8-me-gusta-50.png */ = {isa = PBXFileReference; lastKnownFileType = image.png; path = "icons8-me-gusta-50.png"; sourceTree = "<group>"; };
		0F44F2FA2B923EBA00AB80E6 /* icons8-punto-de-recogida-48.png */ = {isa = PBXFileReference; lastKnownFileType = image.png; path = "icons8-punto-de-recogida-48.png"; sourceTree = "<group>"; };
		0F5F1FA42BB3DF930009F8F9 /* User.swift */ = {isa = PBXFileReference; lastKnownFileType = sourcecode.swift; path = User.swift; sourceTree = "<group>"; };
		0F5F1FA62BB3E04C0009F8F9 /* UserData.swift */ = {isa = PBXFileReference; lastKnownFileType = sourcecode.swift; path = UserData.swift; sourceTree = "<group>"; };
		0F7391E82BBB4A44006D0FA5 /* ChancePasswordUserViewController.swift */ = {isa = PBXFileReference; lastKnownFileType = sourcecode.swift; path = ChancePasswordUserViewController.swift; sourceTree = "<group>"; };
		0F7763BE2BB7DB8C00DD6CA3 /* LinkDiviceViewController.swift */ = {isa = PBXFileReference; lastKnownFileType = sourcecode.swift; path = LinkDiviceViewController.swift; sourceTree = "<group>"; };
		0F77FB822BBA14B40006F2E7 /* UserNotificationsUI.framework */ = {isa = PBXFileReference; lastKnownFileType = wrapper.framework; name = UserNotificationsUI.framework; path = System/Library/Frameworks/UserNotificationsUI.framework; sourceTree = SDKROOT; };
		0F77FB832BBA14B40006F2E7 /* UserNotifications.framework */ = {isa = PBXFileReference; lastKnownFileType = wrapper.framework; name = UserNotifications.framework; path = System/Library/Frameworks/UserNotifications.framework; sourceTree = SDKROOT; };
		0F77FB862BBA14BC0006F2E7 /* WebKit.framework */ = {isa = PBXFileReference; lastKnownFileType = wrapper.framework; name = WebKit.framework; path = System/Library/Frameworks/WebKit.framework; sourceTree = SDKROOT; };
		0F77FB882BBA14C70006F2E7 /* AVFAudio.framework */ = {isa = PBXFileReference; lastKnownFileType = wrapper.framework; name = AVFAudio.framework; path = System/Library/Frameworks/AVFAudio.framework; sourceTree = SDKROOT; };
		0F77FB892BBA14C70006F2E7 /* AVFoundation.framework */ = {isa = PBXFileReference; lastKnownFileType = wrapper.framework; name = AVFoundation.framework; path = System/Library/Frameworks/AVFoundation.framework; sourceTree = SDKROOT; };
		0F77FB8A2BBA14C70006F2E7 /* AVKit.framework */ = {isa = PBXFileReference; lastKnownFileType = wrapper.framework; name = AVKit.framework; path = System/Library/Frameworks/AVKit.framework; sourceTree = SDKROOT; };
		0F97CE5F2BAFC0100081D4CE /* nstruccionesViewController.swift */ = {isa = PBXFileReference; lastKnownFileType = sourcecode.swift; path = nstruccionesViewController.swift; sourceTree = "<group>"; };
		0FA025182BBA2E17002C3B58 /* Divice.swift */ = {isa = PBXFileReference; lastKnownFileType = sourcecode.swift; path = Divice.swift; sourceTree = "<group>"; };
		0FDAD8342BB2427D00EE8A0F /* carrito-removebg-preview.png */ = {isa = PBXFileReference; lastKnownFileType = image.png; path = "carrito-removebg-preview.png"; sourceTree = "<group>"; };
		0FDAD8352BB2427D00EE8A0F /* fondoazul.jpeg */ = {isa = PBXFileReference; lastKnownFileType = image.jpeg; path = fondoazul.jpeg; sourceTree = "<group>"; };
		0FDAD8362BB2427D00EE8A0F /* carrito.jpeg */ = {isa = PBXFileReference; lastKnownFileType = image.jpeg; path = carrito.jpeg; sourceTree = "<group>"; };
		0FDAD8372BB2427D00EE8A0F /* logooooouu.png */ = {isa = PBXFileReference; lastKnownFileType = image.png; path = logooooouu.png; sourceTree = "<group>"; };
		0FDAD8382BB2427D00EE8A0F /* WhatsApp Image 2024-02-29 at 16.57.31 (1).jpeg */ = {isa = PBXFileReference; lastKnownFileType = image.jpeg; path = "WhatsApp Image 2024-02-29 at 16.57.31 (1).jpeg"; sourceTree = "<group>"; };
		0FDAD8392BB2427E00EE8A0F /* carritouuu.png */ = {isa = PBXFileReference; lastKnownFileType = image.png; path = carritouuu.png; sourceTree = "<group>"; };
		0FEBF2312BB27AD3001BC41C /* UserViewController.swift */ = {isa = PBXFileReference; lastKnownFileType = sourcecode.swift; path = UserViewController.swift; sourceTree = "<group>"; };
		0FF74EBB2BBE7BA9005A2D89 /* VideoViewController.swift */ = {isa = PBXFileReference; lastKnownFileType = sourcecode.swift; path = VideoViewController.swift; sourceTree = "<group>"; };
		6CA299AFF6B685D3D092BB64 /* Pods-MyLittleAssistant.release.xcconfig */ = {isa = PBXFileReference; includeInIndex = 1; lastKnownFileType = text.xcconfig; name = "Pods-MyLittleAssistant.release.xcconfig"; path = "Target Support Files/Pods-MyLittleAssistant/Pods-MyLittleAssistant.release.xcconfig"; sourceTree = "<group>"; };
		77907D984B70D800883B99E2 /* Pods-MyLittleAssistant.debug.xcconfig */ = {isa = PBXFileReference; includeInIndex = 1; lastKnownFileType = text.xcconfig; name = "Pods-MyLittleAssistant.debug.xcconfig"; path = "Target Support Files/Pods-MyLittleAssistant/Pods-MyLittleAssistant.debug.xcconfig"; sourceTree = "<group>"; };
		880F7C892BBCA36E00E143A9 /* Gauge.swift */ = {isa = PBXFileReference; lastKnownFileType = sourcecode.swift; path = Gauge.swift; sourceTree = "<group>"; };
		885A5ADC2BBF3ADA00103940 /* flecha.png */ = {isa = PBXFileReference; lastKnownFileType = image.png; name = flecha.png; path = ../../../Downloads/flecha.png; sourceTree = "<group>"; };
		885A5ADE2BBF3DB800103940 /* lineablanca.png */ = {isa = PBXFileReference; lastKnownFileType = image.png; name = lineablanca.png; path = ../../../Downloads/lineablanca.png; sourceTree = "<group>"; };
		8874B24D2BB483E300265AD3 /* CameraViewController.swift */ = {isa = PBXFileReference; lastKnownFileType = sourcecode.swift; path = CameraViewController.swift; sourceTree = "<group>"; };
		8874B2532BB4948000265AD3 /* MenuViewController.swift */ = {isa = PBXFileReference; lastKnownFileType = sourcecode.swift; path = MenuViewController.swift; sourceTree = "<group>"; };
		8874B2552BB4B7F700265AD3 /* GraficaViewController.swift */ = {isa = PBXFileReference; lastKnownFileType = sourcecode.swift; path = GraficaViewController.swift; sourceTree = "<group>"; };
		B0447BA9C616E118BB769583 /* Pods_MyLittleAssistant.framework */ = {isa = PBXFileReference; explicitFileType = wrapper.framework; includeInIndex = 0; path = Pods_MyLittleAssistant.framework; sourceTree = BUILT_PRODUCTS_DIR; };
/* End PBXFileReference section */

/* Begin PBXFrameworksBuildPhase section */
		0F44F2CB2B923D7E00AB80E6 /* Frameworks */ = {
			isa = PBXFrameworksBuildPhase;
			buildActionMask = 2147483647;
			files = (
				0F003CD42BBE6964008B4C93 /* MapKit.framework in Frameworks */,
				0F77FB8B2BBA14C70006F2E7 /* AVFAudio.framework in Frameworks */,
				0F77FB8C2BBA14C70006F2E7 /* AVFoundation.framework in Frameworks */,
				0F77FB8D2BBA14C70006F2E7 /* AVKit.framework in Frameworks */,
				0F77FB872BBA14BC0006F2E7 /* WebKit.framework in Frameworks */,
				0F77FB842BBA14B40006F2E7 /* UserNotificationsUI.framework in Frameworks */,
				0F77FB852BBA14B40006F2E7 /* UserNotifications.framework in Frameworks */,
				C78F27094FA1941AEC3DCD36 /* Pods_MyLittleAssistant.framework in Frameworks */,
			);
			runOnlyForDeploymentPostprocessing = 0;
		};
/* End PBXFrameworksBuildPhase section */

/* Begin PBXGroup section */
		0F33D85F2BB3C5E0009BE586 /* Models */ = {
			isa = PBXGroup;
			children = (
				0F5F1FA42BB3DF930009F8F9 /* User.swift */,
			);
			path = Models;
			sourceTree = "<group>";
		};
		0F44F2C52B923D7E00AB80E6 = {
			isa = PBXGroup;
			children = (
				8846D0472BB1FF1F0061E209 /* images */,
				0F44F2E72B923EBA00AB80E6 /* Iconos_app */,
				0F44F2D02B923D7E00AB80E6 /* MyLittleAssistant */,
				0F44F2CF2B923D7E00AB80E6 /* Products */,
				C29831C88627266B76DA12E9 /* Pods */,
				548A09250825D61972E64190 /* Frameworks */,
			);
			sourceTree = "<group>";
		};
		0F44F2CF2B923D7E00AB80E6 /* Products */ = {
			isa = PBXGroup;
			children = (
				0F44F2CE2B923D7E00AB80E6 /* MyLittleAssistant.app */,
			);
			name = Products;
			sourceTree = "<group>";
		};
		0F44F2D02B923D7E00AB80E6 /* MyLittleAssistant */ = {
			isa = PBXGroup;
			children = (
				0F44F2D12B923D7E00AB80E6 /* AppDelegate.swift */,
				0F003CD52BBE6998008B4C93 /* Marcador.swift */,
				880F7C892BBCA36E00E143A9 /* Gauge.swift */,
				0F0F6B222BB7747F00B841FD /* EditUserViewController.swift */,
				0F150DC42BB5F37C000B569E /* tokens.swift */,
				0F44F2D32B923D7E00AB80E6 /* SceneDelegate.swift */,
				0F44F2D52B923D7E00AB80E6 /* ViewController.swift */,
				0F44F2E52B923DC600AB80E6 /* RegisterViewController.swift */,
				0F7391E82BBB4A44006D0FA5 /* ChancePasswordUserViewController.swift */,
				0FEBF2312BB27AD3001BC41C /* UserViewController.swift */,
				0F5F1FA62BB3E04C0009F8F9 /* UserData.swift */,
				0F97CE5F2BAFC0100081D4CE /* nstruccionesViewController.swift */,
				0F3CF56D2BBCAB8100A2136E /* ForgotPasswordViewController.swift */,
				0FF74EBB2BBE7BA9005A2D89 /* VideoViewController.swift */,
				0F28255A2BAE9C26006273C2 /* SspViewController.swift */,
				0F44F2D72B923D7E00AB80E6 /* Main.storyboard */,
				0FA025182BBA2E17002C3B58 /* Divice.swift */,
				0F3C9E5E2BB8C3E70004BB6A /* ScrolDiviceViewController.swift */,
				0F7763BE2BB7DB8C00DD6CA3 /* LinkDiviceViewController.swift */,
				0F44F2DA2B923D8000AB80E6 /* Assets.xcassets */,
				0F44F2DC2B923D8000AB80E6 /* LaunchScreen.storyboard */,
				0F44F2DF2B923D8000AB80E6 /* Info.plist */,
				0F33D85F2BB3C5E0009BE586 /* Models */,
				8874B24D2BB483E300265AD3 /* CameraViewController.swift */,
				8874B2532BB4948000265AD3 /* MenuViewController.swift */,
				8874B2552BB4B7F700265AD3 /* GraficaViewController.swift */,
			);
			path = MyLittleAssistant;
			sourceTree = "<group>";
		};
		0F44F2E72B923EBA00AB80E6 /* Iconos_app */ = {
			isa = PBXGroup;
			children = (
				0F44F2E82B923EBA00AB80E6 /* icons8-arriba-50.png */,
				0F44F2E92B923EBA00AB80E6 /* icons8-luz-30.png */,
				0F44F2EA2B923EBA00AB80E6 /* icons8-carro-64.png */,
				0F44F2EB2B923EBA00AB80E6 /* icons8-ojo-50.png */,
				0F44F2EC2B923EBA00AB80E6 /* icons8-dentro-de-una-30.png */,
				0F44F2ED2B923EBA00AB80E6 /* icons8-luz-50.png */,
				0F44F2EE2B923EBA00AB80E6 /* icons8-híbrido-50.png */,
				0F44F2EF2B923EBA00AB80E6 /* icons8-contraseña-50.png */,
				0F44F2F02B923EBA00AB80E6 /* icons8-usuario-50.png */,
				0F44F2F12B923EBA00AB80E6 /* icons8-correo-50.png */,
				0F44F2F22B923EBA00AB80E6 /* icons8-izquierda-50.png */,
				0F44F2F32B923EBA00AB80E6 /* icons8-temperatura-50.png */,
				0F44F2F42B923EBA00AB80E6 /* icons8-camara-educacion-50.png */,
				0F44F2F52B923EBA00AB80E6 /* icons8-básculas-de-cocina-24.png */,
				0F44F2F62B923EBA00AB80E6 /* icons8-abajo-50.png */,
				0F44F2F72B923EBA00AB80E6 /* icons8-velocímetro-50.png */,
				0F44F2F82B923EBA00AB80E6 /* icons8-derecha-50.png */,
				0F44F2F92B923EBA00AB80E6 /* icons8-me-gusta-50.png */,
				0F44F2FA2B923EBA00AB80E6 /* icons8-punto-de-recogida-48.png */,
			);
			path = Iconos_app;
			sourceTree = "<group>";
		};
		548A09250825D61972E64190 /* Frameworks */ = {
			isa = PBXGroup;
			children = (
				0F003CD32BBE6963008B4C93 /* MapKit.framework */,
				0F77FB882BBA14C70006F2E7 /* AVFAudio.framework */,
				0F77FB892BBA14C70006F2E7 /* AVFoundation.framework */,
				0F77FB8A2BBA14C70006F2E7 /* AVKit.framework */,
				0F77FB862BBA14BC0006F2E7 /* WebKit.framework */,
				0F77FB832BBA14B40006F2E7 /* UserNotifications.framework */,
				0F77FB822BBA14B40006F2E7 /* UserNotificationsUI.framework */,
				B0447BA9C616E118BB769583 /* Pods_MyLittleAssistant.framework */,
			);
			name = Frameworks;
			sourceTree = "<group>";
		};
		8846D0472BB1FF1F0061E209 /* images */ = {
			isa = PBXGroup;
			children = (
				885A5ADE2BBF3DB800103940 /* lineablanca.png */,
				885A5ADC2BBF3ADA00103940 /* flecha.png */,
				0F0DE79D2BBD2097006AA1C2 /* border.png */,
				0F0DE79E2BBD2098006AA1C2 /* checkcheck.png */,
				0FDAD8342BB2427D00EE8A0F /* carrito-removebg-preview.png */,
				0FDAD8362BB2427D00EE8A0F /* carrito.jpeg */,
				0FDAD8392BB2427E00EE8A0F /* carritouuu.png */,
				0FDAD8352BB2427D00EE8A0F /* fondoazul.jpeg */,
				0FDAD8372BB2427D00EE8A0F /* logooooouu.png */,
				0FDAD8382BB2427D00EE8A0F /* WhatsApp Image 2024-02-29 at 16.57.31 (1).jpeg */,
			);
			path = images;
			sourceTree = "<group>";
		};
		C29831C88627266B76DA12E9 /* Pods */ = {
			isa = PBXGroup;
			children = (
				77907D984B70D800883B99E2 /* Pods-MyLittleAssistant.debug.xcconfig */,
				6CA299AFF6B685D3D092BB64 /* Pods-MyLittleAssistant.release.xcconfig */,
			);
			path = Pods;
			sourceTree = "<group>";
		};
/* End PBXGroup section */

/* Begin PBXNativeTarget section */
		0F44F2CD2B923D7E00AB80E6 /* MyLittleAssistant */ = {
			isa = PBXNativeTarget;
			buildConfigurationList = 0F44F2E22B923D8000AB80E6 /* Build configuration list for PBXNativeTarget "MyLittleAssistant" */;
			buildPhases = (
				5883EB89E1321E8BF9287DE1 /* [CP] Check Pods Manifest.lock */,
				0F44F2CA2B923D7E00AB80E6 /* Sources */,
				0F44F2CB2B923D7E00AB80E6 /* Frameworks */,
				0F44F2CC2B923D7E00AB80E6 /* Resources */,
				5BC9EFC16D77A8247CD7B71A /* [CP] Embed Pods Frameworks */,
			);
			buildRules = (
			);
			dependencies = (
			);
			name = MyLittleAssistant;
			productName = MyLittleAssistant;
			productReference = 0F44F2CE2B923D7E00AB80E6 /* MyLittleAssistant.app */;
			productType = "com.apple.product-type.application";
		};
/* End PBXNativeTarget section */

/* Begin PBXProject section */
		0F44F2C62B923D7E00AB80E6 /* Project object */ = {
			isa = PBXProject;
			attributes = {
				BuildIndependentTargetsInParallel = 1;
				LastSwiftUpdateCheck = 1420;
				LastUpgradeCheck = 1420;
				TargetAttributes = {
					0F44F2CD2B923D7E00AB80E6 = {
						CreatedOnToolsVersion = 14.2;
					};
				};
			};
			buildConfigurationList = 0F44F2C92B923D7E00AB80E6 /* Build configuration list for PBXProject "MyLittleAssistant" */;
			compatibilityVersion = "Xcode 12.0";
			developmentRegion = en;
			hasScannedForEncodings = 0;
			knownRegions = (
				en,
				Base,
			);
			mainGroup = 0F44F2C52B923D7E00AB80E6;
			productRefGroup = 0F44F2CF2B923D7E00AB80E6 /* Products */;
			projectDirPath = "";
			projectRoot = "";
			targets = (
				0F44F2CD2B923D7E00AB80E6 /* MyLittleAssistant */,
			);
		};
/* End PBXProject section */

/* Begin PBXResourcesBuildPhase section */
		0F44F2CC2B923D7E00AB80E6 /* Resources */ = {
			isa = PBXResourcesBuildPhase;
			buildActionMask = 2147483647;
			files = (
				0F44F2FC2B923EBA00AB80E6 /* icons8-luz-30.png in Resources */,
				0F44F30D2B923EBA00AB80E6 /* icons8-punto-de-recogida-48.png in Resources */,
				0F44F3072B923EBA00AB80E6 /* icons8-camara-educacion-50.png in Resources */,
				0F44F2DE2B923D8000AB80E6 /* LaunchScreen.storyboard in Resources */,
				0FDAD83C2BB2427E00EE8A0F /* carrito.jpeg in Resources */,
				0F44F2FF2B923EBA00AB80E6 /* icons8-dentro-de-una-30.png in Resources */,
				0F0DE7A02BBD2098006AA1C2 /* checkcheck.png in Resources */,
				0FDAD83D2BB2427E00EE8A0F /* logooooouu.png in Resources */,
				0F0DE79F2BBD2098006AA1C2 /* border.png in Resources */,
				0F44F3082B923EBA00AB80E6 /* icons8-básculas-de-cocina-24.png in Resources */,
				0F44F2DB2B923D8000AB80E6 /* Assets.xcassets in Resources */,
				0F44F2D92B923D7E00AB80E6 /* Main.storyboard in Resources */,
				885A5ADF2BBF3DB800103940 /* lineablanca.png in Resources */,
				0F44F30A2B923EBA00AB80E6 /* icons8-velocímetro-50.png in Resources */,
				0F44F3022B923EBA00AB80E6 /* icons8-contraseña-50.png in Resources */,
				0F44F3002B923EBA00AB80E6 /* icons8-luz-50.png in Resources */,
				0F44F3052B923EBA00AB80E6 /* icons8-izquierda-50.png in Resources */,
				0F44F30B2B923EBA00AB80E6 /* icons8-derecha-50.png in Resources */,
				0F44F2FB2B923EBA00AB80E6 /* icons8-arriba-50.png in Resources */,
				0F44F30C2B923EBA00AB80E6 /* icons8-me-gusta-50.png in Resources */,
				0FDAD83E2BB2427E00EE8A0F /* WhatsApp Image 2024-02-29 at 16.57.31 (1).jpeg in Resources */,
				0F44F3042B923EBA00AB80E6 /* icons8-correo-50.png in Resources */,
				0F44F2FE2B923EBA00AB80E6 /* icons8-ojo-50.png in Resources */,
				0FDAD83F2BB2427E00EE8A0F /* carritouuu.png in Resources */,
				0FDAD83A2BB2427E00EE8A0F /* carrito-removebg-preview.png in Resources */,
				885A5ADD2BBF3ADA00103940 /* flecha.png in Resources */,
				0F44F3012B923EBA00AB80E6 /* icons8-híbrido-50.png in Resources */,
				0F44F2FD2B923EBA00AB80E6 /* icons8-carro-64.png in Resources */,
				0FDAD83B2BB2427E00EE8A0F /* fondoazul.jpeg in Resources */,
				0F44F3032B923EBA00AB80E6 /* icons8-usuario-50.png in Resources */,
				0F44F3092B923EBA00AB80E6 /* icons8-abajo-50.png in Resources */,
				0F44F3062B923EBA00AB80E6 /* icons8-temperatura-50.png in Resources */,
			);
			runOnlyForDeploymentPostprocessing = 0;
		};
/* End PBXResourcesBuildPhase section */

/* Begin PBXShellScriptBuildPhase section */
		5883EB89E1321E8BF9287DE1 /* [CP] Check Pods Manifest.lock */ = {
			isa = PBXShellScriptBuildPhase;
			buildActionMask = 2147483647;
			files = (
			);
			inputFileListPaths = (
			);
			inputPaths = (
				"${PODS_PODFILE_DIR_PATH}/Podfile.lock",
				"${PODS_ROOT}/Manifest.lock",
			);
			name = "[CP] Check Pods Manifest.lock";
			outputFileListPaths = (
			);
			outputPaths = (
				"$(DERIVED_FILE_DIR)/Pods-MyLittleAssistant-checkManifestLockResult.txt",
			);
			runOnlyForDeploymentPostprocessing = 0;
			shellPath = /bin/sh;
			shellScript = "diff \"${PODS_PODFILE_DIR_PATH}/Podfile.lock\" \"${PODS_ROOT}/Manifest.lock\" > /dev/null\nif [ $? != 0 ] ; then\n    # print error to STDERR\n    echo \"error: The sandbox is not in sync with the Podfile.lock. Run 'pod install' or update your CocoaPods installation.\" >&2\n    exit 1\nfi\n# This output is used by Xcode 'outputs' to avoid re-running this script phase.\necho \"SUCCESS\" > \"${SCRIPT_OUTPUT_FILE_0}\"\n";
			showEnvVarsInLog = 0;
		};
		5BC9EFC16D77A8247CD7B71A /* [CP] Embed Pods Frameworks */ = {
			isa = PBXShellScriptBuildPhase;
			buildActionMask = 2147483647;
			files = (
			);
			inputFileListPaths = (
				"${PODS_ROOT}/Target Support Files/Pods-MyLittleAssistant/Pods-MyLittleAssistant-frameworks-${CONFIGURATION}-input-files.xcfilelist",
			);
			name = "[CP] Embed Pods Frameworks";
			outputFileListPaths = (
				"${PODS_ROOT}/Target Support Files/Pods-MyLittleAssistant/Pods-MyLittleAssistant-frameworks-${CONFIGURATION}-output-files.xcfilelist",
			);
			runOnlyForDeploymentPostprocessing = 0;
			shellPath = /bin/sh;
			shellScript = "\"${PODS_ROOT}/Target Support Files/Pods-MyLittleAssistant/Pods-MyLittleAssistant-frameworks.sh\"\n";
			showEnvVarsInLog = 0;
		};
/* End PBXShellScriptBuildPhase section */

/* Begin PBXSourcesBuildPhase section */
		0F44F2CA2B923D7E00AB80E6 /* Sources */ = {
			isa = PBXSourcesBuildPhase;
			buildActionMask = 2147483647;
			files = (
				0F3C9E5F2BB8C3E70004BB6A /* ScrolDiviceViewController.swift in Sources */,
				0FEBF2322BB27AD3001BC41C /* UserViewController.swift in Sources */,
				0F7391E92BBB4A44006D0FA5 /* ChancePasswordUserViewController.swift in Sources */,
				8874B2562BB4B7F700265AD3 /* GraficaViewController.swift in Sources */,
				0F44F2D62B923D7E00AB80E6 /* ViewController.swift in Sources */,
				0F28255B2BAE9C26006273C2 /* SspViewController.swift in Sources */,
				0FF74EBC2BBE7BA9005A2D89 /* VideoViewController.swift in Sources */,
				0FA025192BBA2E17002C3B58 /* Divice.swift in Sources */,
				8874B24E2BB483E300265AD3 /* CameraViewController.swift in Sources */,
				0F0F6B232BB7747F00B841FD /* EditUserViewController.swift in Sources */,
				0F5F1FA72BB3E04C0009F8F9 /* UserData.swift in Sources */,
				0F150DC52BB5F37C000B569E /* tokens.swift in Sources */,
				0F44F2D22B923D7E00AB80E6 /* AppDelegate.swift in Sources */,
				0F003CD62BBE6998008B4C93 /* Marcador.swift in Sources */,
				8874B2542BB4948000265AD3 /* MenuViewController.swift in Sources */,
				0F97CE602BAFC0100081D4CE /* nstruccionesViewController.swift in Sources */,
				0F44F2D42B923D7E00AB80E6 /* SceneDelegate.swift in Sources */,
				880F7C8A2BBCA36E00E143A9 /* Gauge.swift in Sources */,
				0F3CF56E2BBCAB8100A2136E /* ForgotPasswordViewController.swift in Sources */,
				0F5F1FA52BB3DF930009F8F9 /* User.swift in Sources */,
				0F7763BF2BB7DB8C00DD6CA3 /* LinkDiviceViewController.swift in Sources */,
				0F44F2E62B923DC600AB80E6 /* RegisterViewController.swift in Sources */,
			);
			runOnlyForDeploymentPostprocessing = 0;
		};
/* End PBXSourcesBuildPhase section */

/* Begin PBXVariantGroup section */
		0F44F2D72B923D7E00AB80E6 /* Main.storyboard */ = {
			isa = PBXVariantGroup;
			children = (
				0F44F2D82B923D7E00AB80E6 /* Base */,
			);
			name = Main.storyboard;
			sourceTree = "<group>";
		};
		0F44F2DC2B923D8000AB80E6 /* LaunchScreen.storyboard */ = {
			isa = PBXVariantGroup;
			children = (
				0F44F2DD2B923D8000AB80E6 /* Base */,
			);
			name = LaunchScreen.storyboard;
			sourceTree = "<group>";
		};
/* End PBXVariantGroup section */

/* Begin XCBuildConfiguration section */
		0F44F2E02B923D8000AB80E6 /* Debug */ = {
			isa = XCBuildConfiguration;
			buildSettings = {
				ALWAYS_SEARCH_USER_PATHS = NO;
				CLANG_ANALYZER_NONNULL = YES;
				CLANG_ANALYZER_NUMBER_OBJECT_CONVERSION = YES_AGGRESSIVE;
				CLANG_CXX_LANGUAGE_STANDARD = "gnu++20";
				CLANG_ENABLE_MODULES = YES;
				CLANG_ENABLE_OBJC_ARC = YES;
				CLANG_ENABLE_OBJC_WEAK = YES;
				CLANG_WARN_BLOCK_CAPTURE_AUTORELEASING = YES;
				CLANG_WARN_BOOL_CONVERSION = YES;
				CLANG_WARN_COMMA = YES;
				CLANG_WARN_CONSTANT_CONVERSION = YES;
				CLANG_WARN_DEPRECATED_OBJC_IMPLEMENTATIONS = YES;
				CLANG_WARN_DIRECT_OBJC_ISA_USAGE = YES_ERROR;
				CLANG_WARN_DOCUMENTATION_COMMENTS = YES;
				CLANG_WARN_EMPTY_BODY = YES;
				CLANG_WARN_ENUM_CONVERSION = YES;
				CLANG_WARN_INFINITE_RECURSION = YES;
				CLANG_WARN_INT_CONVERSION = YES;
				CLANG_WARN_NON_LITERAL_NULL_CONVERSION = YES;
				CLANG_WARN_OBJC_IMPLICIT_RETAIN_SELF = YES;
				CLANG_WARN_OBJC_LITERAL_CONVERSION = YES;
				CLANG_WARN_OBJC_ROOT_CLASS = YES_ERROR;
				CLANG_WARN_QUOTED_INCLUDE_IN_FRAMEWORK_HEADER = YES;
				CLANG_WARN_RANGE_LOOP_ANALYSIS = YES;
				CLANG_WARN_STRICT_PROTOTYPES = YES;
				CLANG_WARN_SUSPICIOUS_MOVE = YES;
				CLANG_WARN_UNGUARDED_AVAILABILITY = YES_AGGRESSIVE;
				CLANG_WARN_UNREACHABLE_CODE = YES;
				CLANG_WARN__DUPLICATE_METHOD_MATCH = YES;
				COPY_PHASE_STRIP = NO;
				DEBUG_INFORMATION_FORMAT = dwarf;
				ENABLE_STRICT_OBJC_MSGSEND = YES;
				ENABLE_TESTABILITY = YES;
				GCC_C_LANGUAGE_STANDARD = gnu11;
				GCC_DYNAMIC_NO_PIC = NO;
				GCC_NO_COMMON_BLOCKS = YES;
				GCC_OPTIMIZATION_LEVEL = 0;
				GCC_PREPROCESSOR_DEFINITIONS = (
					"DEBUG=1",
					"$(inherited)",
				);
				GCC_WARN_64_TO_32_BIT_CONVERSION = YES;
				GCC_WARN_ABOUT_RETURN_TYPE = YES_ERROR;
				GCC_WARN_UNDECLARED_SELECTOR = YES;
				GCC_WARN_UNINITIALIZED_AUTOS = YES_AGGRESSIVE;
				GCC_WARN_UNUSED_FUNCTION = YES;
				GCC_WARN_UNUSED_VARIABLE = YES;
				IPHONEOS_DEPLOYMENT_TARGET = 16.2;
				MTL_ENABLE_DEBUG_INFO = INCLUDE_SOURCE;
				MTL_FAST_MATH = YES;
				ONLY_ACTIVE_ARCH = YES;
				SDKROOT = iphoneos;
				SWIFT_ACTIVE_COMPILATION_CONDITIONS = DEBUG;
				SWIFT_OPTIMIZATION_LEVEL = "-Onone";
			};
			name = Debug;
		};
		0F44F2E12B923D8000AB80E6 /* Release */ = {
			isa = XCBuildConfiguration;
			buildSettings = {
				ALWAYS_SEARCH_USER_PATHS = NO;
				CLANG_ANALYZER_NONNULL = YES;
				CLANG_ANALYZER_NUMBER_OBJECT_CONVERSION = YES_AGGRESSIVE;
				CLANG_CXX_LANGUAGE_STANDARD = "gnu++20";
				CLANG_ENABLE_MODULES = YES;
				CLANG_ENABLE_OBJC_ARC = YES;
				CLANG_ENABLE_OBJC_WEAK = YES;
				CLANG_WARN_BLOCK_CAPTURE_AUTORELEASING = YES;
				CLANG_WARN_BOOL_CONVERSION = YES;
				CLANG_WARN_COMMA = YES;
				CLANG_WARN_CONSTANT_CONVERSION = YES;
				CLANG_WARN_DEPRECATED_OBJC_IMPLEMENTATIONS = YES;
				CLANG_WARN_DIRECT_OBJC_ISA_USAGE = YES_ERROR;
				CLANG_WARN_DOCUMENTATION_COMMENTS = YES;
				CLANG_WARN_EMPTY_BODY = YES;
				CLANG_WARN_ENUM_CONVERSION = YES;
				CLANG_WARN_INFINITE_RECURSION = YES;
				CLANG_WARN_INT_CONVERSION = YES;
				CLANG_WARN_NON_LITERAL_NULL_CONVERSION = YES;
				CLANG_WARN_OBJC_IMPLICIT_RETAIN_SELF = YES;
				CLANG_WARN_OBJC_LITERAL_CONVERSION = YES;
				CLANG_WARN_OBJC_ROOT_CLASS = YES_ERROR;
				CLANG_WARN_QUOTED_INCLUDE_IN_FRAMEWORK_HEADER = YES;
				CLANG_WARN_RANGE_LOOP_ANALYSIS = YES;
				CLANG_WARN_STRICT_PROTOTYPES = YES;
				CLANG_WARN_SUSPICIOUS_MOVE = YES;
				CLANG_WARN_UNGUARDED_AVAILABILITY = YES_AGGRESSIVE;
				CLANG_WARN_UNREACHABLE_CODE = YES;
				CLANG_WARN__DUPLICATE_METHOD_MATCH = YES;
				COPY_PHASE_STRIP = NO;
				DEBUG_INFORMATION_FORMAT = "dwarf-with-dsym";
				ENABLE_NS_ASSERTIONS = NO;
				ENABLE_STRICT_OBJC_MSGSEND = YES;
				GCC_C_LANGUAGE_STANDARD = gnu11;
				GCC_NO_COMMON_BLOCKS = YES;
				GCC_WARN_64_TO_32_BIT_CONVERSION = YES;
				GCC_WARN_ABOUT_RETURN_TYPE = YES_ERROR;
				GCC_WARN_UNDECLARED_SELECTOR = YES;
				GCC_WARN_UNINITIALIZED_AUTOS = YES_AGGRESSIVE;
				GCC_WARN_UNUSED_FUNCTION = YES;
				GCC_WARN_UNUSED_VARIABLE = YES;
				IPHONEOS_DEPLOYMENT_TARGET = 16.2;
				MTL_ENABLE_DEBUG_INFO = NO;
				MTL_FAST_MATH = YES;
				SDKROOT = iphoneos;
				SWIFT_COMPILATION_MODE = wholemodule;
				SWIFT_OPTIMIZATION_LEVEL = "-O";
				VALIDATE_PRODUCT = YES;
			};
			name = Release;
		};
		0F44F2E32B923D8000AB80E6 /* Debug */ = {
			isa = XCBuildConfiguration;
			baseConfigurationReference = 77907D984B70D800883B99E2 /* Pods-MyLittleAssistant.debug.xcconfig */;
			buildSettings = {
				ASSETCATALOG_COMPILER_APPICON_NAME = AppIcon;
				ASSETCATALOG_COMPILER_GLOBAL_ACCENT_COLOR_NAME = AccentColor;
				CODE_SIGN_STYLE = Automatic;
				CURRENT_PROJECT_VERSION = 1;
				GENERATE_INFOPLIST_FILE = YES;
				INFOPLIST_FILE = MyLittleAssistant/Info.plist;
				INFOPLIST_KEY_UIApplicationSupportsIndirectInputEvents = YES;
				INFOPLIST_KEY_UILaunchStoryboardName = LaunchScreen;
				INFOPLIST_KEY_UIMainStoryboardFile = Main;
				INFOPLIST_KEY_UISupportedInterfaceOrientations = UIInterfaceOrientationPortrait;
				INFOPLIST_KEY_UISupportedInterfaceOrientations_iPad = "UIInterfaceOrientationLandscapeLeft UIInterfaceOrientationLandscapeRight UIInterfaceOrientationPortrait UIInterfaceOrientationPortraitUpsideDown";
				IPHONEOS_DEPLOYMENT_TARGET = 15.1;
				LD_RUNPATH_SEARCH_PATHS = (
					"$(inherited)",
					"@executable_path/Frameworks",
				);
				MARKETING_VERSION = 1.0;
				PRODUCT_BUNDLE_IDENTIFIER = UTT.MyLittleAssistant;
				PRODUCT_NAME = "$(TARGET_NAME)";
				SUPPORTED_PLATFORMS = "iphoneos iphonesimulator";
				SUPPORTS_MACCATALYST = NO;
				SUPPORTS_MAC_DESIGNED_FOR_IPHONE_IPAD = NO;
				SWIFT_EMIT_LOC_STRINGS = YES;
				SWIFT_VERSION = 5.0;
				TARGETED_DEVICE_FAMILY = 1;
			};
			name = Debug;
		};
		0F44F2E42B923D8000AB80E6 /* Release */ = {
			isa = XCBuildConfiguration;
			baseConfigurationReference = 6CA299AFF6B685D3D092BB64 /* Pods-MyLittleAssistant.release.xcconfig */;
			buildSettings = {
				ASSETCATALOG_COMPILER_APPICON_NAME = AppIcon;
				ASSETCATALOG_COMPILER_GLOBAL_ACCENT_COLOR_NAME = AccentColor;
				CODE_SIGN_STYLE = Automatic;
				CURRENT_PROJECT_VERSION = 1;
				GENERATE_INFOPLIST_FILE = YES;
				INFOPLIST_FILE = MyLittleAssistant/Info.plist;
				INFOPLIST_KEY_UIApplicationSupportsIndirectInputEvents = YES;
				INFOPLIST_KEY_UILaunchStoryboardName = LaunchScreen;
				INFOPLIST_KEY_UIMainStoryboardFile = Main;
				INFOPLIST_KEY_UISupportedInterfaceOrientations = UIInterfaceOrientationPortrait;
				INFOPLIST_KEY_UISupportedInterfaceOrientations_iPad = "UIInterfaceOrientationLandscapeLeft UIInterfaceOrientationLandscapeRight UIInterfaceOrientationPortrait UIInterfaceOrientationPortraitUpsideDown";
				IPHONEOS_DEPLOYMENT_TARGET = 15.1;
				LD_RUNPATH_SEARCH_PATHS = (
					"$(inherited)",
					"@executable_path/Frameworks",
				);
				MARKETING_VERSION = 1.0;
				PRODUCT_BUNDLE_IDENTIFIER = UTT.MyLittleAssistant;
				PRODUCT_NAME = "$(TARGET_NAME)";
				SUPPORTED_PLATFORMS = "iphoneos iphonesimulator";
				SUPPORTS_MACCATALYST = NO;
				SUPPORTS_MAC_DESIGNED_FOR_IPHONE_IPAD = NO;
				SWIFT_EMIT_LOC_STRINGS = YES;
				SWIFT_VERSION = 5.0;
				TARGETED_DEVICE_FAMILY = 1;
			};
			name = Release;
		};
/* End XCBuildConfiguration section */

/* Begin XCConfigurationList section */
		0F44F2C92B923D7E00AB80E6 /* Build configuration list for PBXProject "MyLittleAssistant" */ = {
			isa = XCConfigurationList;
			buildConfigurations = (
				0F44F2E02B923D8000AB80E6 /* Debug */,
				0F44F2E12B923D8000AB80E6 /* Release */,
			);
			defaultConfigurationIsVisible = 0;
			defaultConfigurationName = Release;
		};
		0F44F2E22B923D8000AB80E6 /* Build configuration list for PBXNativeTarget "MyLittleAssistant" */ = {
			isa = XCConfigurationList;
			buildConfigurations = (
				0F44F2E32B923D8000AB80E6 /* Debug */,
				0F44F2E42B923D8000AB80E6 /* Release */,
			);
			defaultConfigurationIsVisible = 0;
			defaultConfigurationName = Release;
		};
/* End XCConfigurationList section */
	};
	rootObject = 0F44F2C62B923D7E00AB80E6 /* Project object */;
}
